{
  "requires": true,
  "lockfileVersion": 1,
  "dependencies": {
    "bindall-standalone": {
      "version": "1.0.5",
      "resolved": "https://registry.npmjs.org/bindall-standalone/-/bindall-standalone-1.0.5.tgz",
      "integrity": "sha1-90MDiPHH+amt4Px1pADnEPZpKh0="
    },
    "dom-classes": {
      "version": "github:npm-dom/dom-classes#e6bdd52b7aaabb2420c8554e626ddcc924d750e1",
      "from": "github:npm-dom/dom-classes",
      "requires": {
        "indexof": "0.0.1"
      }
    },
    "dom-create-element": {
      "version": "1.0.2",
      "resolved": "https://registry.npmjs.org/dom-create-element/-/dom-create-element-1.0.2.tgz",
      "integrity": "sha1-nsiey1AaIQSHV34eAM7g1OybXHc="
    },
    "dom-events": {
      "version": "0.1.1",
      "resolved": "https://registry.npmjs.org/dom-events/-/dom-events-0.1.1.tgz",
      "integrity": "sha1-HQZZiuxc3T1dwwx7MKhXsLF0yYc=",
      "requires": {
        "synthetic-dom-events": "0.1.1"
      }
    },
    "indexof": {
      "version": "0.0.1",
      "resolved": "https://registry.npmjs.org/indexof/-/indexof-0.0.1.tgz",
      "integrity": "sha1-gtwzbSMrkGIXnQWrMpOmYFn9Q10="
    },
    "lethargy": {
      "version": "1.0.7",
      "resolved": "https://registry.npmjs.org/lethargy/-/lethargy-1.0.7.tgz",
      "integrity": "sha512-+IhiyZpw27A0KrtlfsrC1DcCgUYHqtWTqoa4CuJPyX7dmwF0b9bInWVkLrvn7yE88sEq86NxOSVtPhaVmE7C6A=="
    },
    "object-assign": {
      "version": "4.1.1",
      "resolved": "https://registry.npmjs.org/object-assign/-/object-assign-4.1.1.tgz",
      "integrity": "sha1-IQmtx5ZYh8/AXLvUQsrIv7s2CGM="
    },
    "prefix": {
      "version": "1.0.0",
      "resolved": "https://registry.npmjs.org/prefix/-/prefix-1.0.0.tgz",
      "integrity": "sha1-8SvK6gPlgL55Kfs2XDARhFWKA1Y="
    },
    "smooth-scrolling": {
      "version": "2.3.11",
      "resolved": "https://registry.npmjs.org/smooth-scrolling/-/smooth-scrolling-2.3.11.tgz",
      "integrity": "sha1-ko3GwvlOPNCEsE9S6MTVyTd0prU=",
      "requires": {
        "dom-classes": "github:npm-dom/dom-classes",
        "dom-create-element": "^1.0.2",
        "dom-events": "^0.1.1",
        "prefix": "^1.0.0",
        "virtual-scroll": "^1.2.1"
      }
    },
    "synthetic-dom-events": {
      "version": "0.1.1",
      "resolved": "https://registry.npmjs.org/synthetic-dom-events/-/synthetic-dom-events-0.1.1.tgz",
      "integrity": "sha1-OkUqludZx6eailqSUpEvcG57bW8="
    },
    "tiny-emitter": {
      "version": "1.2.0",
      "resolved": "https://registry.npmjs.org/tiny-emitter/-/tiny-emitter-1.2.0.tgz",
      "integrity": "sha1-bchFBSywjr78GHRyO1jySmSMO28="
    },
    "virtual-scroll": {
      "version": "1.4.0",
      "resolved": "https://registry.npmjs.org/virtual-scroll/-/virtual-scroll-1.4.0.tgz",
      "integrity": "sha512-El6Arc0RkNj/zaUZuhMww7zw87BxneaynyhizQJaXE7lctLdC4RMuQ2ZKI4Xqmv/eqEqj2z9a6ghk9bC2iRo6A==",
      "requires": {
        "bindall-standalone": "^1.0.5",
        "lethargy": "^1.0.2",
        "object-assign": "^4.0.1",
        "tiny-emitter": "^1.0.0"
      }
    }
  }
}
